{
  "pins" : [
    {
      "identity" : "horizoncalendar",
      "kind" : "remoteSourceControl",
      "location" : "https://github.com/airbnb/HorizonCalendar",
      "state" : {
        "revision" : "3b8e98233634591bbf6fbdd6654f79455e02288b",
        "version" : "1.16.0"
      }
    }
  ],
  "version" : 2
}
